// !$*UTF8*$!
{
	archiveVersion = 1;
	classes = {
	};
	objectVersion = 50;
	objects = {

/* Begin PBXBuildFile section */
		B916BDEE2551567100BBEA6C /* AppDelegate.swift in Sources */ = {isa = PBXBuildFile; fileRef = B916BDED2551567100BBEA6C /* AppDelegate.swift */; };
		B916BDF02551567100BBEA6C /* SceneDelegate.swift in Sources */ = {isa = PBXBuildFile; fileRef = B916BDEF2551567100BBEA6C /* SceneDelegate.swift */; };
		B916BDF52551567100BBEA6C /* Main.storyboard in Resources */ = {isa = PBXBuildFile; fileRef = B916BDF32551567100BBEA6C /* Main.storyboard */; };
		B916BDF82551567100BBEA6C /* GoalPost_app.xcdatamodeld in Sources */ = {isa = PBXBuildFile; fileRef = B916BDF62551567100BBEA6C /* GoalPost_app.xcdatamodeld */; };
		B916BDFA2551567200BBEA6C /* Assets.xcassets in Resources */ = {isa = PBXBuildFile; fileRef = B916BDF92551567200BBEA6C /* Assets.xcassets */; };
		B916BDFD2551567200BBEA6C /* LaunchScreen.storyboard in Resources */ = {isa = PBXBuildFile; fileRef = B916BDFB2551567200BBEA6C /* LaunchScreen.storyboard */; };
		B916BE122551664400BBEA6C /* GoalsViewController.swift in Sources */ = {isa = PBXBuildFile; fileRef = B916BE112551664400BBEA6C /* GoalsViewController.swift */; };
/* End PBXBuildFile section */

/* Begin PBXFileReference section */
		B916BDEA2551567100BBEA6C /* GoalPost-app.app */ = {isa = PBXFileReference; explicitFileType = wrapper.application; includeInIndex = 0; path = "GoalPost-app.app"; sourceTree = BUILT_PRODUCTS_DIR; };
		B916BDED2551567100BBEA6C /* AppDelegate.swift */ = {isa = PBXFileReference; lastKnownFileType = sourcecode.swift; path = AppDelegate.swift; sourceTree = "<group>"; };
		B916BDEF2551567100BBEA6C /* SceneDelegate.swift */ = {isa = PBXFileReference; lastKnownFileType = sourcecode.swift; path = SceneDelegate.swift; sourceTree = "<group>"; };
		B916BDF42551567100BBEA6C /* Base */ = {isa = PBXFileReference; lastKnownFileType = file.storyboard; name = Base; path = Base.lproj/Main.storyboard; sourceTree = "<group>"; };
		B916BDF72551567100BBEA6C /* GoalPost_app.xcdatamodel */ = {isa = PBXFileReference; lastKnownFileType = wrapper.xcdatamodel; path = GoalPost_app.xcdatamodel; sourceTree = "<group>"; };
		B916BDF92551567200BBEA6C /* Assets.xcassets */ = {isa = PBXFileReference; lastKnownFileType = folder.assetcatalog; path = Assets.xcassets; sourceTree = "<group>"; };
		B916BDFC2551567200BBEA6C /* Base */ = {isa = PBXFileReference; lastKnownFileType = file.storyboard; name = Base; path = Base.lproj/LaunchScreen.storyboard; sourceTree = "<group>"; };
		B916BDFE2551567200BBEA6C /* Info.plist */ = {isa = PBXFileReference; lastKnownFileType = text.plist.xml; path = Info.plist; sourceTree = "<group>"; };
		B916BE112551664400BBEA6C /* GoalsViewController.swift */ = {isa = PBXFileReference; lastKnownFileType = sourcecode.swift; path = GoalsViewController.swift; sourceTree = "<group>"; };
/* End PBXFileReference section */

/* Begin PBXFrameworksBuildPhase section */
		B916BDE72551567100BBEA6C /* Frameworks */ = {
			isa = PBXFrameworksBuildPhase;
			buildActionMask = 2147483647;
			files = (
			);
			runOnlyForDeploymentPostprocessing = 0;
		};
/* End PBXFrameworksBuildPhase section */

/* Begin PBXGroup section */
		B916BDE12551567100BBEA6C = {
			isa = PBXGroup;
			children = (
				B916BDEC2551567100BBEA6C /* GoalPost-app */,
				B916BDEB2551567100BBEA6C /* Products */,
			);
			sourceTree = "<group>";
		};
		B916BDEB2551567100BBEA6C /* Products */ = {
			isa = PBXGroup;
			children = (
				B916BDEA2551567100BBEA6C /* GoalPost-app.app */,
			);
			name = Products;
			sourceTree = "<group>";
		};
		B916BDEC2551567100BBEA6C /* GoalPost-app */ = {
			isa = PBXGroup;
			children = (
				B916BE0825515CC200BBEA6C /* Controller */,
				B916BE0725515CBD00BBEA6C /* View */,
				B916BE0625515CB700BBEA6C /* Model */,
				B916BDED2551567100BBEA6C /* AppDelegate.swift */,
				B916BDEF2551567100BBEA6C /* SceneDelegate.swift */,
				B916BDF32551567100BBEA6C /* Main.storyboard */,
				B916BDF92551567200BBEA6C /* Assets.xcassets */,
				B916BDFB2551567200BBEA6C /* LaunchScreen.storyboard */,
				B916BDFE2551567200BBEA6C /* Info.plist */,
				B916BDF62551567100BBEA6C /* GoalPost_app.xcdatamodeld */,
			);
			path = "GoalPost-app";
			sourceTree = "<group>";
		};
		B916BE0625515CB700BBEA6C /* Model */ = {
			isa = PBXGroup;
			children = (
			);
			path = Model;
			sourceTree = "<group>";
		};
		B916BE0725515CBD00BBEA6C /* View */ = {
			isa = PBXGroup;
			children = (
			);
			path = View;
			sourceTree = "<group>";
		};
		B916BE0825515CC200BBEA6C /* Controller */ = {
			isa = PBXGroup;
			children = (
				B916BE112551664400BBEA6C /* GoalsViewController.swift */,
			);
			path = Controller;
			sourceTree = "<group>";
		};
/* End PBXGroup section */

/* Begin PBXNativeTarget section */
		B916BDE92551567100BBEA6C /* GoalPost-app */ = {
			isa = PBXNativeTarget;
			buildConfigurationList = B916BE012551567200BBEA6C /* Build configuration list for PBXNativeTarget "GoalPost-app" */;
			buildPhases = (
				B916BDE62551567100BBEA6C /* Sources */,
				B916BDE72551567100BBEA6C /* Frameworks */,
				B916BDE82551567100BBEA6C /* Resources */,
			);
			buildRules = (
			);
			dependencies = (
			);
			name = "GoalPost-app";
			productName = "GoalPost-app";
			productReference = B916BDEA2551567100BBEA6C /* GoalPost-app.app */;
			productType = "com.apple.product-type.application";
		};
/* End PBXNativeTarget section */

/* Begin PBXProject section */
		B916BDE22551567100BBEA6C /* Project object */ = {
			isa = PBXProject;
			attributes = {
				LastSwiftUpdateCheck = 1210;
				LastUpgradeCheck = 1210;
				TargetAttributes = {
					B916BDE92551567100BBEA6C = {
						CreatedOnToolsVersion = 12.1;
					};
				};
			};
			buildConfigurationList = B916BDE52551567100BBEA6C /* Build configuration list for PBXProject "GoalPost-app" */;
			compatibilityVersion = "Xcode 9.3";
			developmentRegion = en;
			hasScannedForEncodings = 0;
			knownRegions = (
				en,
				Base,
			);
			mainGroup = B916BDE12551567100BBEA6C;
			productRefGroup = B916BDEB2551567100BBEA6C /* Products */;
			projectDirPath = "";
			projectRoot = "";
			targets = (
				B916BDE92551567100BBEA6C /* GoalPost-app */,
			);
		};
/* End PBXProject section */

/* Begin PBXResourcesBuildPhase section */
		B916BDE82551567100BBEA6C /* Resources */ = {
			isa = PBXResourcesBuildPhase;
			buildActionMask = 2147483647;
			files = (
				B916BDFD2551567200BBEA6C /* LaunchScreen.storyboard in Resources */,
				B916BDFA2551567200BBEA6C /* Assets.xcassets in Resources */,
				B916BDF52551567100BBEA6C /* Main.storyboard in Resources */,
			);
			runOnlyForDeploymentPostprocessing = 0;
		};
/* End PBXResourcesBuildPhase section */

/* Begin PBXSourcesBuildPhase section */
		B916BDE62551567100BBEA6C /* Sources */ = {
			isa = PBXSourcesBuildPhase;
			buildActionMask = 2147483647;
			files = (
				B916BDEE2551567100BBEA6C /* AppDelegate.swift in Sources */,
				B916BE122551664400BBEA6C /* GoalsViewController.swift in Sources */,
				B916BDF82551567100BBEA6C /* GoalPost_app.xcdatamodeld in Sources */,
				B916BDF02551567100BBEA6C /* SceneDelegate.swift in Sources */,
			);
			runOnlyForDeploymentPostprocessing = 0;
		};
/* End PBXSourcesBuildPhase section */

/* Begin PBXVariantGroup section */
		B916BDF32551567100BBEA6C /* Main.storyboard */ = {
			isa = PBXVariantGroup;
			children = (
				B916BDF42551567100BBEA6C /* Base */,
			);
			name = Main.storyboard;
			sourceTree = "<group>";
		};
		B916BDFB2551567200BBEA6C /* LaunchScreen.storyboard */ = {
			isa = PBXVariantGroup;
			children = (
				B916BDFC2551567200BBEA6C /* Base */,
			);
			name = LaunchScreen.storyboard;
			sourceTree = "<group>";
		};
/* End PBXVariantGroup section */

/* Begin XCBuildConfiguration section */
		B916BDFF2551567200BBEA6C /* Debug */ = {
			isa = XCBuildConfiguration;
			buildSettings = {
				ALWAYS_SEARCH_USER_PATHS = NO;
				CLANG_ANALYZER_NONNULL = YES;
				CLANG_ANALYZER_NUMBER_OBJECT_CONVERSION = YES_AGGRESSIVE;
				CLANG_CXX_LANGUAGE_STANDARD = "gnu++14";
				CLANG_CXX_LIBRARY = "libc++";
				CLANG_ENABLE_MODULES = YES;
				CLANG_ENABLE_OBJC_ARC = YES;
				CLANG_ENABLE_OBJC_WEAK = YES;
				CLANG_WARN_BLOCK_CAPTURE_AUTORELEASING = YES;
				CLANG_WARN_BOOL_CONVERSION = YES;
				CLANG_WARN_COMMA = YES;
				CLANG_WARN_CONSTANT_CONVERSION = YES;
				CLANG_WARN_DEPRECATED_OBJC_IMPLEMENTATIONS = YES;
				CLANG_WARN_DIRECT_OBJC_ISA_USAGE = YES_ERROR;
				CLANG_WARN_DOCUMENTATION_COMMENTS = YES;
				CLANG_WARN_EMPTY_BODY = YES;
				CLANG_WARN_ENUM_CONVERSION = YES;
				CLANG_WARN_INFINITE_RECURSION = YES;
				CLANG_WARN_INT_CONVERSION = YES;
				CLANG_WARN_NON_LITERAL_NULL_CONVERSION = YES;
				CLANG_WARN_OBJC_IMPLICIT_RETAIN_SELF = YES;
				CLANG_WARN_OBJC_LITERAL_CONVERSION = YES;
				CLANG_WARN_OBJC_ROOT_CLASS = YES_ERROR;
				CLANG_WARN_QUOTED_INCLUDE_IN_FRAMEWORK_HEADER = YES;
				CLANG_WARN_RANGE_LOOP_ANALYSIS = YES;
				CLANG_WARN_STRICT_PROTOTYPES = YES;
				CLANG_WARN_SUSPICIOUS_MOVE = YES;
				CLANG_WARN_UNGUARDED_AVAILABILITY = YES_AGGRESSIVE;
				CLANG_WARN_UNREACHABLE_CODE = YES;
				CLANG_WARN__DUPLICATE_METHOD_MATCH = YES;
				COPY_PHASE_STRIP = NO;
				DEBUG_INFORMATION_FORMAT = dwarf;
				ENABLE_STRICT_OBJC_MSGSEND = YES;
				ENABLE_TESTABILITY = YES;
				GCC_C_LANGUAGE_STANDARD = gnu11;
				GCC_DYNAMIC_NO_PIC = NO;
				GCC_NO_COMMON_BLOCKS = YES;
				GCC_OPTIMIZATION_LEVEL = 0;
				GCC_PREPROCESSOR_DEFINITIONS = (
					"DEBUG=1",
					"$(inherited)",
				);
				GCC_WARN_64_TO_32_BIT_CONVERSION = YES;
				GCC_WARN_ABOUT_RETURN_TYPE = YES_ERROR;
				GCC_WARN_UNDECLARED_SELECTOR = YES;
				GCC_WARN_UNINITIALIZED_AUTOS = YES_AGGRESSIVE;
				GCC_WARN_UNUSED_FUNCTION = YES;
				GCC_WARN_UNUSED_VARIABLE = YES;
				IPHONEOS_DEPLOYMENT_TARGET = 14.1;
				MTL_ENABLE_DEBUG_INFO = INCLUDE_SOURCE;
				MTL_FAST_MATH = YES;
				ONLY_ACTIVE_ARCH = YES;
				SDKROOT = iphoneos;
				SWIFT_ACTIVE_COMPILATION_CONDITIONS = DEBUG;
				SWIFT_OPTIMIZATION_LEVEL = "-Onone";
			};
			name = Debug;
		};
		B916BE002551567200BBEA6C /* Release */ = {
			isa = XCBuildConfiguration;
			buildSettings = {
				ALWAYS_SEARCH_USER_PATHS = NO;
				CLANG_ANALYZER_NONNULL = YES;
				CLANG_ANALYZER_NUMBER_OBJECT_CONVERSION = YES_AGGRESSIVE;
				CLANG_CXX_LANGUAGE_STANDARD = "gnu++14";
				CLANG_CXX_LIBRARY = "libc++";
				CLANG_ENABLE_MODULES = YES;
				CLANG_ENABLE_OBJC_ARC = YES;
				CLANG_ENABLE_OBJC_WEAK = YES;
				CLANG_WARN_BLOCK_CAPTURE_AUTORELEASING = YES;
				CLANG_WARN_BOOL_CONVERSION = YES;
				CLANG_WARN_COMMA = YES;
				CLANG_WARN_CONSTANT_CONVERSION = YES;
				CLANG_WARN_DEPRECATED_OBJC_IMPLEMENTATIONS = YES;
				CLANG_WARN_DIRECT_OBJC_ISA_USAGE = YES_ERROR;
				CLANG_WARN_DOCUMENTATION_COMMENTS = YES;
				CLANG_WARN_EMPTY_BODY = YES;
				CLANG_WARN_ENUM_CONVERSION = YES;
				CLANG_WARN_INFINITE_RECURSION = YES;
				CLANG_WARN_INT_CONVERSION = YES;
				CLANG_WARN_NON_LITERAL_NULL_CONVERSION = YES;
				CLANG_WARN_OBJC_IMPLICIT_RETAIN_SELF = YES;
				CLANG_WARN_OBJC_LITERAL_CONVERSION = YES;
				CLANG_WARN_OBJC_ROOT_CLASS = YES_ERROR;
				CLANG_WARN_QUOTED_INCLUDE_IN_FRAMEWORK_HEADER = YES;
				CLANG_WARN_RANGE_LOOP_ANALYSIS = YES;
				CLANG_WARN_STRICT_PROTOTYPES = YES;
				CLANG_WARN_SUSPICIOUS_MOVE = YES;
				CLANG_WARN_UNGUARDED_AVAILABILITY = YES_AGGRESSIVE;
				CLANG_WARN_UNREACHABLE_CODE = YES;
				CLANG_WARN__DUPLICATE_METHOD_MATCH = YES;
				COPY_PHASE_STRIP = NO;
				DEBUG_INFORMATION_FORMAT = "dwarf-with-dsym";
				ENABLE_NS_ASSERTIONS = NO;
				ENABLE_STRICT_OBJC_MSGSEND = YES;
				GCC_C_LANGUAGE_STANDARD = gnu11;
				GCC_NO_COMMON_BLOCKS = YES;
				GCC_WARN_64_TO_32_BIT_CONVERSION = YES;
				GCC_WARN_ABOUT_RETURN_TYPE = YES_ERROR;
				GCC_WARN_UNDECLARED_SELECTOR = YES;
				GCC_WARN_UNINITIALIZED_AUTOS = YES_AGGRESSIVE;
				GCC_WARN_UNUSED_FUNCTION = YES;
				GCC_WARN_UNUSED_VARIABLE = YES;
				IPHONEOS_DEPLOYMENT_TARGET = 14.1;
				MTL_ENABLE_DEBUG_INFO = NO;
				MTL_FAST_MATH = YES;
				SDKROOT = iphoneos;
				SWIFT_COMPILATION_MODE = wholemodule;
				SWIFT_OPTIMIZATION_LEVEL = "-O";
				VALIDATE_PRODUCT = YES;
			};
			name = Release;
		};
		B916BE022551567200BBEA6C /* Debug */ = {
			isa = XCBuildConfiguration;
			buildSettings = {
				ASSETCATALOG_COMPILER_APPICON_NAME = AppIcon;
				ASSETCATALOG_COMPILER_GLOBAL_ACCENT_COLOR_NAME = AccentColor;
				CODE_SIGN_STYLE = Automatic;
				INFOPLIST_FILE = "GoalPost-app/Info.plist";
				LD_RUNPATH_SEARCH_PATHS = (
					"$(inherited)",
					"@executable_path/Frameworks",
				);
				PRODUCT_BUNDLE_IDENTIFIER = "com.mks.GoalPost-app";
				PRODUCT_NAME = "$(TARGET_NAME)";
				SWIFT_VERSION = 5.0;
				TARGETED_DEVICE_FAMILY = "1,2";
			};
			name = Debug;
		};
		B916BE032551567200BBEA6C /* Release */ = {
			isa = XCBuildConfiguration;
			buildSettings = {
				ASSETCATALOG_COMPILER_APPICON_NAME = AppIcon;
				ASSETCATALOG_COMPILER_GLOBAL_ACCENT_COLOR_NAME = AccentColor;
				CODE_SIGN_STYLE = Automatic;
				INFOPLIST_FILE = "GoalPost-app/Info.plist";
				LD_RUNPATH_SEARCH_PATHS = (
					"$(inherited)",
					"@executable_path/Frameworks",
				);
				PRODUCT_BUNDLE_IDENTIFIER = "com.mks.GoalPost-app";
				PRODUCT_NAME = "$(TARGET_NAME)";
				SWIFT_VERSION = 5.0;
				TARGETED_DEVICE_FAMILY = "1,2";
			};
			name = Release;
		};
/* End XCBuildConfiguration section */

/* Begin XCConfigurationList section */
		B916BDE52551567100BBEA6C /* Build configuration list for PBXProject "GoalPost-app" */ = {
			isa = XCConfigurationList;
			buildConfigurations = (
				B916BDFF2551567200BBEA6C /* Debug */,
				B916BE002551567200BBEA6C /* Release */,
			);
			defaultConfigurationIsVisible = 0;
			defaultConfigurationName = Release;
		};
		B916BE012551567200BBEA6C /* Build configuration list for PBXNativeTarget "GoalPost-app" */ = {
			isa = XCConfigurationList;
			buildConfigurations = (
				B916BE022551567200BBEA6C /* Debug */,
				B916BE032551567200BBEA6C /* Release */,
			);
			defaultConfigurationIsVisible = 0;
			defaultConfigurationName = Release;
		};
/* End XCConfigurationList section */

/* Begin XCVersionGroup section */
		B916BDF62551567100BBEA6C /* GoalPost_app.xcdatamodeld */ = {
			isa = XCVersionGroup;
			children = (
				B916BDF72551567100BBEA6C /* GoalPost_app.xcdatamodel */,
			);
			currentVersion = B916BDF72551567100BBEA6C /* GoalPost_app.xcdatamodel */;
			path = GoalPost_app.xcdatamodeld;
			sourceTree = "<group>";
			versionGroupType = wrapper.xcdatamodel;
		};
/* End XCVersionGroup section */
	};
	rootObject = B916BDE22551567100BBEA6C /* Project object */;
}
